<?xml version="1.0" encoding="utf-8"?>
<Project ToolsVersion="4.0" xmlns="http://schemas.microsoft.com/developer/msbuild/2003">
  <ItemGroup>
    <Filter Include="源文件">
      <UniqueIdentifier>{4FC737F1-C7A5-4376-A066-2A32D752A2FF}</UniqueIdentifier>
      <Extensions>cpp;c;cc;cxx;def;odl;idl;hpj;bat;asm;asmx</Extensions>
    </Filter>
    <Filter Include="头文件">
      <UniqueIdentifier>{93995380-89BD-4b04-88EB-625FBE52EBFB}</UniqueIdentifier>
      <Extensions>h;hpp;hxx;hm;inl;inc;xsd</Extensions>
    </Filter>
    <Filter Include="资源文件">
      <UniqueIdentifier>{67DA6AB6-F800-4c08-8B7A-83BB121AAD01}</UniqueIdentifier>
      <Extensions>rc;ico;cur;bmp;dlg;rc2;rct;bin;rgs;gif;jpg;jpeg;jpe;resx;tiff;tif;png;wav</Extensions>
    </Filter>
    <Filter Include="uniata">
      <UniqueIdentifier>{e580e66c-67a3-4734-a0a9-a9768bed4bf4}</UniqueIdentifier>
    </Filter>
    <Filter Include="uniata\ros_glue">
      <UniqueIdentifier>{e09a20be-c61e-4197-9aa3-cdf30a824ebe}</UniqueIdentifier>
    </Filter>
    <Filter Include="uniata\inc">
      <UniqueIdentifier>{5a1afcea-1ce6-483a-af72-3ae682dfae3c}</UniqueIdentifier>
    </Filter>
  </ItemGroup>
  <ItemGroup>
    <ClCompile Include="stdafx.cpp">
      <Filter>源文件</Filter>
    </ClCompile>
    <ClCompile Include="uniata\id_ata.cpp">
      <Filter>uniata</Filter>
    </ClCompile>
    <ClCompile Include="uniata\id_badblock.cpp">
      <Filter>uniata</Filter>
    </ClCompile>
    <ClCompile Include="uniata\id_dma.cpp">
      <Filter>uniata</Filter>
    </ClCompile>
    <ClCompile Include="uniata\id_init.cpp">
      <Filter>uniata</Filter>
    </ClCompile>
    <ClCompile Include="uniata\id_probe.cpp">
      <Filter>uniata</Filter>
    </ClCompile>
    <ClCompile Include="uniata\id_queue.cpp">
      <Filter>uniata</Filter>
    </ClCompile>
    <ClCompile Include="uniata\id_sata.cpp">
      <Filter>uniata</Filter>
    </ClCompile>
    <ClCompile Include="uniata\ros_glue\ros_glue.cpp">
      <Filter>uniata\ros_glue</Filter>
    </ClCompile>
  </ItemGroup>
  <ItemGroup>
    <ClInclude Include="stdafx.h">
      <Filter>头文件</Filter>
    </ClInclude>
    <ClInclude Include="targetver.h">
      <Filter>头文件</Filter>
    </ClInclude>
    <ClInclude Include="uniata\atapi.h">
      <Filter>uniata</Filter>
    </ClInclude>
    <ClInclude Include="uniata\badblock.h">
      <Filter>uniata</Filter>
    </ClInclude>
    <ClInclude Include="uniata\bm_devs.h">
      <Filter>uniata</Filter>
    </ClInclude>
    <ClInclude Include="uniata\bsmaster.h">
      <Filter>uniata</Filter>
    </ClInclude>
    <ClInclude Include="uniata\config.h">
      <Filter>uniata</Filter>
    </ClInclude>
    <ClInclude Include="uniata\id_queue.h">
      <Filter>uniata</Filter>
    </ClInclude>
    <ClInclude Include="uniata\id_sata.h">
      <Filter>uniata</Filter>
    </ClInclude>
    <ClInclude Include="uniata\scsi.h">
      <Filter>uniata</Filter>
    </ClInclude>
    <ClInclude Include="uniata\srb.h">
      <Filter>uniata</Filter>
    </ClInclude>
    <ClInclude Include="uniata\stdafx.h">
      <Filter>uniata</Filter>
    </ClInclude>
    <ClInclude Include="uniata\tools.h">
      <Filter>uniata</Filter>
    </ClInclude>
    <ClInclude Include="uniata\uata_ctl.h">
      <Filter>uniata</Filter>
    </ClInclude>
    <ClInclude Include="uniata\uniata_ver.h">
      <Filter>uniata</Filter>
    </ClInclude>
    <ClInclude Include="uniata\inc\CrNtDecl.h">
      <Filter>uniata\inc</Filter>
    </ClInclude>
    <ClInclude Include="uniata\inc\CrNtStubs.h">
      <Filter>uniata\inc</Filter>
    </ClInclude>
    <ClInclude Include="uniata\inc\CrossNt.h">
      <Filter>uniata\inc</Filter>
    </ClInclude>
    <ClInclude Include="uniata\inc\misc.h">
      <Filter>uniata\inc</Filter>
    </ClInclude>
    <ClInclude Include="uniata\inc\PostDbgMesg.h">
      <Filter>uniata\inc</Filter>
    </ClInclude>
    <ClInclude Include="uniata\inc\rwlock.h">
      <Filter>uniata\inc</Filter>
    </ClInclude>
  </ItemGroup>
  <ItemGroup>
    <Text Include="ReadMe.txt" />
  </ItemGroup>
</Project>