<?xml version="1.0" encoding="utf-8"?>
<Project ToolsVersion="4.0" xmlns="http://schemas.microsoft.com/developer/msbuild/2003">
  <ItemGroup>
    <Filter Include="源文件">
      <UniqueIdentifier>{4FC737F1-C7A5-4376-A066-2A32D752A2FF}</UniqueIdentifier>
      <Extensions>cpp;c;cc;cxx;def;odl;idl;hpj;bat;asm;asmx</Extensions>
    </Filter>
    <Filter Include="头文件">
      <UniqueIdentifier>{93995380-89BD-4b04-88EB-625FBE52EBFB}</UniqueIdentifier>
      <Extensions>h;hpp;hxx;hm;inl;inc;xsd</Extensions>
    </Filter>
    <Filter Include="资源文件">
      <UniqueIdentifier>{67DA6AB6-F800-4c08-8B7A-83BB121AAD01}</UniqueIdentifier>
      <Extensions>rc;ico;cur;bmp;dlg;rc2;rct;bin;rgs;gif;jpg;jpeg;jpe;resx;tiff;tif;png;wav</Extensions>
    </Filter>
    <Filter Include="ntfs">
      <UniqueIdentifier>{bca5a8ca-7241-401d-a2ab-987a583ef26a}</UniqueIdentifier>
    </Filter>
  </ItemGroup>
  <ItemGroup>
    <ClCompile Include="stdafx.cpp">
      <Filter>源文件</Filter>
    </ClCompile>
    <ClCompile Include="ntfs\attrib.c">
      <Filter>ntfs</Filter>
    </ClCompile>
    <ClCompile Include="ntfs\blockdev.c">
      <Filter>ntfs</Filter>
    </ClCompile>
    <ClCompile Include="ntfs\close.c">
      <Filter>ntfs</Filter>
    </ClCompile>
    <ClCompile Include="ntfs\create.c">
      <Filter>ntfs</Filter>
    </ClCompile>
    <ClCompile Include="ntfs\dirctl.c">
      <Filter>ntfs</Filter>
    </ClCompile>
    <ClCompile Include="ntfs\fcb.c">
      <Filter>ntfs</Filter>
    </ClCompile>
    <ClCompile Include="ntfs\finfo.c">
      <Filter>ntfs</Filter>
    </ClCompile>
    <ClCompile Include="ntfs\fsctl.c">
      <Filter>ntfs</Filter>
    </ClCompile>
    <ClCompile Include="ntfs\mft.c">
      <Filter>ntfs</Filter>
    </ClCompile>
    <ClCompile Include="ntfs\ntfs.c">
      <Filter>ntfs</Filter>
    </ClCompile>
    <ClCompile Include="ntfs\rw.c">
      <Filter>ntfs</Filter>
    </ClCompile>
    <ClCompile Include="ntfs\volinfo.c">
      <Filter>ntfs</Filter>
    </ClCompile>
  </ItemGroup>
  <ItemGroup>
    <ClInclude Include="stdafx.h">
      <Filter>头文件</Filter>
    </ClInclude>
    <ClInclude Include="targetver.h">
      <Filter>头文件</Filter>
    </ClInclude>
    <ClInclude Include="ntfs\ntfs.h">
      <Filter>ntfs</Filter>
    </ClInclude>
  </ItemGroup>
  <ItemGroup>
    <Text Include="ReadMe.txt" />
  </ItemGroup>
</Project>